
Microsoft Visual Studio Solution File, Format Version 12.00
# Visual Studio Version 17
VisualStudioVersion = 17.12.35514.174
MinimumVisualStudioVersion = 10.0.40219.1
Project("{FAE04EC0-301F-11D3-BF4B-00C04F79EFBC}") = "Sixfortyfour.ConsoleApp", "Sixfortyfour.ConsoleApp\Sixfortyfour.ConsoleApp.csproj", "{91224C4A-AADB-438E-B8A8-29F949C3AD71}"
EndProject
Project("{FAE04EC0-301F-11D3-BF4B-00C04F79EFBC}") = "Sixfortyfour.ConsoleAppTests", "Sixfortyfour.ConsoleAppTests\Sixfortyfour.ConsoleAppTests.csproj", "{DC936D84-81C2-4DCE-A708-1BA202BC411F}"
EndProject
Global
	GlobalSection(SolutionConfigurationPlatforms) = preSolution
		Debug|Any CPU = Debug|Any CPU
		Release|Any CPU = Release|Any CPU
	EndGlobalSection
	GlobalSection(ProjectConfigurationPlatforms) = postSolution
		{91224C4A-AADB-438E-B8A8-29F949C3AD71}.Debug|Any CPU.ActiveCfg = Debug|Any CPU
		{91224C4A-AADB-438E-B8A8-29F949C3AD71}.Debug|Any CPU.Build.0 = Debug|Any CPU
		{91224C4A-AADB-438E-B8A8-29F949C3AD71}.Release|Any CPU.ActiveCfg = Release|Any CPU
		{91224C4A-AADB-438E-B8A8-29F949C3AD71}.Release|Any CPU.Build.0 = Release|Any CPU
		{DC936D84-81C2-4DCE-A708-1BA202BC411F}.Debug|Any CPU.ActiveCfg = Debug|Any CPU
		{DC936D84-81C2-4DCE-A708-1BA202BC411F}.Debug|Any CPU.Build.0 = Debug|Any CPU
		{DC936D84-81C2-4DCE-A708-1BA202BC411F}.Release|Any CPU.ActiveCfg = Release|Any CPU
		{DC936D84-81C2-4DCE-A708-1BA202BC411F}.Release|Any CPU.Build.0 = Release|Any CPU
	EndGlobalSection
	GlobalSection(SolutionProperties) = preSolution
		HideSolutionNode = FALSE
	EndGlobalSection
EndGlobal
